
Microsoft Visual Studio Solution File, Format Version 12.00
# Visual Studio 14
VisualStudioVersion = 14.0.25420.1
MinimumVisualStudioVersion = 10.0.40219.1
Project("{8BC9CEB8-8B4A-11D0-8D11-00A0C91BC942}") = "Parallel Image Network", "Parallel Image Network\Parallel Image Network.vcxproj", "{74D690D4-383C-4B9A-A9B4-0979212AF5BF}"
EndProject
Project("{2150E333-8FDC-42A3-9474-1A3956D46DE8}") = "Solution Items", "Solution Items", "{44E0C083-D259-441E-AD23-F9D422373211}"
	ProjectSection(SolutionItems) = preProject
		image_handling.h = image_handling.h
		parallel_network.c = parallel_network.c
	EndProjectSection
EndProject
Global
	GlobalSection(SolutionConfigurationPlatforms) = preSolution
		Debug|x64 = Debug|x64
		Debug|x86 = Debug|x86
		Parallel|x64 = Parallel|x64
		Parallel|x86 = Parallel|x86
		Release|x64 = Release|x64
		Release|x86 = Release|x86
	EndGlobalSection
	GlobalSection(ProjectConfigurationPlatforms) = postSolution
		{74D690D4-383C-4B9A-A9B4-0979212AF5BF}.Debug|x64.ActiveCfg = Debug|x64
		{74D690D4-383C-4B9A-A9B4-0979212AF5BF}.Debug|x64.Build.0 = Debug|x64
		{74D690D4-383C-4B9A-A9B4-0979212AF5BF}.Debug|x86.ActiveCfg = Debug|Win32
		{74D690D4-383C-4B9A-A9B4-0979212AF5BF}.Debug|x86.Build.0 = Debug|Win32
		{74D690D4-383C-4B9A-A9B4-0979212AF5BF}.Parallel|x64.ActiveCfg = Parallel|x64
		{74D690D4-383C-4B9A-A9B4-0979212AF5BF}.Parallel|x64.Build.0 = Parallel|x64
		{74D690D4-383C-4B9A-A9B4-0979212AF5BF}.Parallel|x86.ActiveCfg = Debug|Win32
		{74D690D4-383C-4B9A-A9B4-0979212AF5BF}.Parallel|x86.Build.0 = Debug|Win32
		{74D690D4-383C-4B9A-A9B4-0979212AF5BF}.Release|x64.ActiveCfg = Release|x64
		{74D690D4-383C-4B9A-A9B4-0979212AF5BF}.Release|x64.Build.0 = Release|x64
		{74D690D4-383C-4B9A-A9B4-0979212AF5BF}.Release|x86.ActiveCfg = Release|Win32
		{74D690D4-383C-4B9A-A9B4-0979212AF5BF}.Release|x86.Build.0 = Release|Win32
	EndGlobalSection
	GlobalSection(SolutionProperties) = preSolution
		HideSolutionNode = FALSE
	EndGlobalSection
EndGlobal
